
Microsoft Visual Studio Solution File, Format Version 12.00
# Visual Studio 15
VisualStudioVersion = 15.0.28307.705
MinimumVisualStudioVersion = 10.0.40219.1
Project("{2150E333-8FDC-42A3-9474-1A3956D46DE8}") = "1.UI", "1.UI", "{E7EA1189-CAA7-41DF-8C20-F4C097B823FF}"
EndProject
Project("{2150E333-8FDC-42A3-9474-1A3956D46DE8}") = "2.Bussiness", "2.Bussiness", "{444044F9-BBB4-4905-9BBC-16E01C75AA23}"
EndProject
Project("{2150E333-8FDC-42A3-9474-1A3956D46DE8}") = "3.Data Access", "3.Data Access", "{A1F7B65F-A38A-4977-A934-32612904520D}"
EndProject
Project("{2150E333-8FDC-42A3-9474-1A3956D46DE8}") = "4.Common", "4.Common", "{3CA65A0D-1C6C-4228-B3DC-57AD86349CCE}"
EndProject
Project("{9A19103F-16F7-4668-BE54-9A1E7A4F7556}") = "KN2019_ChatBotCore.DataAccess", "3.Data Access\KN2019_ChatBotCore.DataAccess\KN2019_ChatBotCore.DataAccess.csproj", "{FC9477DA-0279-4642-B4E7-2EC6F990F191}"
EndProject
Project("{9A19103F-16F7-4668-BE54-9A1E7A4F7556}") = "KN2019_ChatBotCore.BussObject", "2.Bussiness\KN2019_ChatBotCore.BussObject\KN2019_ChatBotCore.BussObject.csproj", "{05A019B7-668F-4820-B87F-F5E6AE6CA2F4}"
EndProject
Project("{9A19103F-16F7-4668-BE54-9A1E7A4F7556}") = "KN2019_ChatBotCore.BussLogic", "2.Bussiness\KN2019_ChatBotCore.BussLogic\KN2019_ChatBotCore.BussLogic.csproj", "{7ECD8DE9-01CD-4352-A9D8-302A9ACEFFCD}"
EndProject
Project("{9A19103F-16F7-4668-BE54-9A1E7A4F7556}") = "KN2019_ChatBotCore.Interface", "4.Common\KN2019_ChatBotCore.Interface\KN2019_ChatBotCore.Interface.csproj", "{0DB27D4C-8F71-4043-8775-09EF9592E033}"
EndProject
Project("{9A19103F-16F7-4668-BE54-9A1E7A4F7556}") = "KN2019_ChatBotCore.UI", "1.UI\KN2019_ChatBotCore.UI\KN2019_ChatBotCore.UI.csproj", "{357E4FF8-82BE-4F16-8F8A-80EC59CC14AB}"
EndProject
Project("{9A19103F-16F7-4668-BE54-9A1E7A4F7556}") = "KN2019_ChatBotCore.API", "1.UI\KN2019_ChatBotCore.API\KN2019_ChatBotCore.API.csproj", "{1E224981-8419-4D1E-8A01-3A6125219652}"
EndProject
Project("{FAE04EC0-301F-11D3-BF4B-00C04F79EFBC}") = "KN2019_ChatBotCore.Utils", "4.Common\KN2019_ChatBotCore.Utils\KN2019_ChatBotCore.Utils.csproj", "{CD5F0EB1-D541-4EE5-B3D1-981CA972B7DC}"
EndProject
Global
	GlobalSection(SolutionConfigurationPlatforms) = preSolution
		Debug|Any CPU = Debug|Any CPU
		Release|Any CPU = Release|Any CPU
	EndGlobalSection
	GlobalSection(ProjectConfigurationPlatforms) = postSolution
		{FC9477DA-0279-4642-B4E7-2EC6F990F191}.Debug|Any CPU.ActiveCfg = Debug|Any CPU
		{FC9477DA-0279-4642-B4E7-2EC6F990F191}.Debug|Any CPU.Build.0 = Debug|Any CPU
		{FC9477DA-0279-4642-B4E7-2EC6F990F191}.Release|Any CPU.ActiveCfg = Release|Any CPU
		{FC9477DA-0279-4642-B4E7-2EC6F990F191}.Release|Any CPU.Build.0 = Release|Any CPU
		{05A019B7-668F-4820-B87F-F5E6AE6CA2F4}.Debug|Any CPU.ActiveCfg = Debug|Any CPU
		{05A019B7-668F-4820-B87F-F5E6AE6CA2F4}.Debug|Any CPU.Build.0 = Debug|Any CPU
		{05A019B7-668F-4820-B87F-F5E6AE6CA2F4}.Release|Any CPU.ActiveCfg = Release|Any CPU
		{05A019B7-668F-4820-B87F-F5E6AE6CA2F4}.Release|Any CPU.Build.0 = Release|Any CPU
		{7ECD8DE9-01CD-4352-A9D8-302A9ACEFFCD}.Debug|Any CPU.ActiveCfg = Debug|Any CPU
		{7ECD8DE9-01CD-4352-A9D8-302A9ACEFFCD}.Debug|Any CPU.Build.0 = Debug|Any CPU
		{7ECD8DE9-01CD-4352-A9D8-302A9ACEFFCD}.Release|Any CPU.ActiveCfg = Release|Any CPU
		{7ECD8DE9-01CD-4352-A9D8-302A9ACEFFCD}.Release|Any CPU.Build.0 = Release|Any CPU
		{0DB27D4C-8F71-4043-8775-09EF9592E033}.Debug|Any CPU.ActiveCfg = Debug|Any CPU
		{0DB27D4C-8F71-4043-8775-09EF9592E033}.Debug|Any CPU.Build.0 = Debug|Any CPU
		{0DB27D4C-8F71-4043-8775-09EF9592E033}.Release|Any CPU.ActiveCfg = Release|Any CPU
		{0DB27D4C-8F71-4043-8775-09EF9592E033}.Release|Any CPU.Build.0 = Release|Any CPU
		{357E4FF8-82BE-4F16-8F8A-80EC59CC14AB}.Debug|Any CPU.ActiveCfg = Debug|Any CPU
		{357E4FF8-82BE-4F16-8F8A-80EC59CC14AB}.Debug|Any CPU.Build.0 = Debug|Any CPU
		{357E4FF8-82BE-4F16-8F8A-80EC59CC14AB}.Release|Any CPU.ActiveCfg = Release|Any CPU
		{357E4FF8-82BE-4F16-8F8A-80EC59CC14AB}.Release|Any CPU.Build.0 = Release|Any CPU
		{1E224981-8419-4D1E-8A01-3A6125219652}.Debug|Any CPU.ActiveCfg = Debug|Any CPU
		{1E224981-8419-4D1E-8A01-3A6125219652}.Debug|Any CPU.Build.0 = Debug|Any CPU
		{1E224981-8419-4D1E-8A01-3A6125219652}.Release|Any CPU.ActiveCfg = Release|Any CPU
		{1E224981-8419-4D1E-8A01-3A6125219652}.Release|Any CPU.Build.0 = Release|Any CPU
		{CD5F0EB1-D541-4EE5-B3D1-981CA972B7DC}.Debug|Any CPU.ActiveCfg = Debug|Any CPU
		{CD5F0EB1-D541-4EE5-B3D1-981CA972B7DC}.Debug|Any CPU.Build.0 = Debug|Any CPU
		{CD5F0EB1-D541-4EE5-B3D1-981CA972B7DC}.Release|Any CPU.ActiveCfg = Release|Any CPU
		{CD5F0EB1-D541-4EE5-B3D1-981CA972B7DC}.Release|Any CPU.Build.0 = Release|Any CPU
	EndGlobalSection
	GlobalSection(SolutionProperties) = preSolution
		HideSolutionNode = FALSE
	EndGlobalSection
	GlobalSection(NestedProjects) = preSolution
		{FC9477DA-0279-4642-B4E7-2EC6F990F191} = {A1F7B65F-A38A-4977-A934-32612904520D}
		{05A019B7-668F-4820-B87F-F5E6AE6CA2F4} = {444044F9-BBB4-4905-9BBC-16E01C75AA23}
		{7ECD8DE9-01CD-4352-A9D8-302A9ACEFFCD} = {444044F9-BBB4-4905-9BBC-16E01C75AA23}
		{0DB27D4C-8F71-4043-8775-09EF9592E033} = {3CA65A0D-1C6C-4228-B3DC-57AD86349CCE}
		{357E4FF8-82BE-4F16-8F8A-80EC59CC14AB} = {E7EA1189-CAA7-41DF-8C20-F4C097B823FF}
		{1E224981-8419-4D1E-8A01-3A6125219652} = {E7EA1189-CAA7-41DF-8C20-F4C097B823FF}
		{CD5F0EB1-D541-4EE5-B3D1-981CA972B7DC} = {3CA65A0D-1C6C-4228-B3DC-57AD86349CCE}
	EndGlobalSection
	GlobalSection(ExtensibilityGlobals) = postSolution
		SolutionGuid = {6BDA6750-16C4-4E1A-8C29-A26559987950}
	EndGlobalSection
EndGlobal
